github.com/gorilla/mux v1.8.0 h1:i40aqfkR1h2SlN9hojwV5ZA91wcXFOvkdNIeFDP5koI=
github.com/gorilla/mux v1.8.0/go.mod h1:DVbg23sWSpFRCP0SfiEN6jmj59UnW/n46BH5rLB71So=
libvirt.org/go/libvirt v1.8007.0 h1:0IgQQoOd1kwrwDkCcBnkv15WCkz/i6Vg18ZETDNMMrY=
libvirt.org/go/libvirt v1.8007.0/go.mod h1:1WiFE8EjZfq+FCVog+rvr1yatKbKZ9FaFMZgEqxEJqQ=
